
Microsoft Visual Studio Solution File, Format Version 12.00
# Visual Studio Version 16
VisualStudioVersion = 16.0.31605.320
MinimumVisualStudioVersion = 10.0.40219.1
Project("{FAE04EC0-301F-11D3-BF4B-00C04F79EFBC}") = "26-ExercicioURI-1157 for", "26-ExercicioURI-1157 for\26-ExercicioURI-1157 for.csproj", "{4063F9F0-F864-47B8-B612-6F49B72D6203}"
EndProject
Global
	GlobalSection(SolutionConfigurationPlatforms) = preSolution
		Debug|Any CPU = Debug|Any CPU
		Release|Any CPU = Release|Any CPU
	EndGlobalSection
	GlobalSection(ProjectConfigurationPlatforms) = postSolution
		{4063F9F0-F864-47B8-B612-6F49B72D6203}.Debug|Any CPU.ActiveCfg = Debug|Any CPU
		{4063F9F0-F864-47B8-B612-6F49B72D6203}.Debug|Any CPU.Build.0 = Debug|Any CPU
		{4063F9F0-F864-47B8-B612-6F49B72D6203}.Release|Any CPU.ActiveCfg = Release|Any CPU
		{4063F9F0-F864-47B8-B612-6F49B72D6203}.Release|Any CPU.Build.0 = Release|Any CPU
	EndGlobalSection
	GlobalSection(SolutionProperties) = preSolution
		HideSolutionNode = FALSE
	EndGlobalSection
	GlobalSection(ExtensibilityGlobals) = postSolution
		SolutionGuid = {24CDE74E-20E4-4795-B2F9-C8E7FF4C3747}
	EndGlobalSection
EndGlobal
